<?xml version="1.0" encoding="utf-8"?>
<Project ToolsVersion="4.0" xmlns="http://schemas.microsoft.com/developer/msbuild/2003">
  <ItemGroup>
    <ClCompile Include="dllmain.cpp" />
    <ClCompile Include="newton_wrap.cxx" />
    <ClCompile Include="stdafx.cpp" />
    <ClCompile Include="wrapperSdk\dAlloc.cpp">
      <Filter>wrapperSdk</Filter>
    </ClCompile>
    <ClCompile Include="wrapperSdk\dNewtonWorld.cpp">
      <Filter>wrapperSdk</Filter>
    </ClCompile>
    <ClCompile Include="wrapperSdk\dNewtonBody.cpp">
      <Filter>wrapperSdk</Filter>
    </ClCompile>
    <ClCompile Include="wrapperSdk\dNewtonCollision.cpp">
      <Filter>wrapperSdk</Filter>
    </ClCompile>
    <ClCompile Include="wrapperSdk\dNewtonJoint.cpp">
      <Filter>wrapperSdk</Filter>
    </ClCompile>
    <ClCompile Include="wrapperSdk\dNewtonJointHinge.cpp">
      <Filter>wrapperSdk</Filter>
    </ClCompile>
    <ClCompile Include="wrapperSdk\dNewtonJointRelational.cpp">
      <Filter>wrapperSdk</Filter>
    </ClCompile>
  </ItemGroup>
  <ItemGroup>
    <ClInclude Include="stdafx.h" />
    <ClInclude Include="targetver.h" />
    <ClInclude Include="IUnityInterface.h" />
    <ClInclude Include="wrapperSdk\dAlloc.h">
      <Filter>wrapperSdk</Filter>
    </ClInclude>
    <ClInclude Include="wrapperSdk\dNewtonWorld.h">
      <Filter>wrapperSdk</Filter>
    </ClInclude>
    <ClInclude Include="wrapperSdk\dNewtonBody.h">
      <Filter>wrapperSdk</Filter>
    </ClInclude>
    <ClInclude Include="wrapperSdk\dNewtonCollision.h">
      <Filter>wrapperSdk</Filter>
    </ClInclude>
    <ClInclude Include="wrapperSdk\dNewtonJoint.h">
      <Filter>wrapperSdk</Filter>
    </ClInclude>
    <ClInclude Include="wrapperSdk\dNewtonJointHinge.h">
      <Filter>wrapperSdk</Filter>
    </ClInclude>
    <ClInclude Include="wrapperSdk\dNewtonJointRelational.h">
      <Filter>wrapperSdk</Filter>
    </ClInclude>
  </ItemGroup>
  <ItemGroup>
    <CustomBuild Include="newton.i" />
  </ItemGroup>
  <ItemGroup>
    <Filter Include="wrapperSdk">
      <UniqueIdentifier>{ff3aad4b-98fc-4f07-b860-2280acea605f}</UniqueIdentifier>
    </Filter>
  </ItemGroup>
</Project>