
Microsoft Visual Studio Solution File, Format Version 12.00
# Visual Studio 2015
Project("{FAE04EC0-301F-11D3-BF4B-00C04F79EFBC}") = "NewtonDemo.CSharp.Plugins", "NewtonDemo.CSharp.Plugins.csproj", "{C05A4B3B-053D-B0BB-9486-BF4949437B98}"
EndProject
Project("{FAE04EC0-301F-11D3-BF4B-00C04F79EFBC}") = "NewtonDemo.CSharp.Editor", "NewtonDemo.CSharp.Editor.csproj", "{95C7DB11-6474-67E5-0886-6FD4B4E4357D}"
EndProject
Global
	GlobalSection(SolutionConfigurationPlatforms) = preSolution
		Debug|Any CPU = Debug|Any CPU
		Release|Any CPU = Release|Any CPU
	EndGlobalSection
	GlobalSection(ProjectConfigurationPlatforms) = postSolution
		{C05A4B3B-053D-B0BB-9486-BF4949437B98}.Debug|Any CPU.ActiveCfg = Debug|Any CPU
		{C05A4B3B-053D-B0BB-9486-BF4949437B98}.Debug|Any CPU.Build.0 = Debug|Any CPU
		{C05A4B3B-053D-B0BB-9486-BF4949437B98}.Release|Any CPU.ActiveCfg = Release|Any CPU
		{C05A4B3B-053D-B0BB-9486-BF4949437B98}.Release|Any CPU.Build.0 = Release|Any CPU
		{95C7DB11-6474-67E5-0886-6FD4B4E4357D}.Debug|Any CPU.ActiveCfg = Debug|Any CPU
		{95C7DB11-6474-67E5-0886-6FD4B4E4357D}.Debug|Any CPU.Build.0 = Debug|Any CPU
		{95C7DB11-6474-67E5-0886-6FD4B4E4357D}.Release|Any CPU.ActiveCfg = Release|Any CPU
		{95C7DB11-6474-67E5-0886-6FD4B4E4357D}.Release|Any CPU.Build.0 = Release|Any CPU
	EndGlobalSection
	GlobalSection(SolutionProperties) = preSolution
		HideSolutionNode = FALSE
	EndGlobalSection
EndGlobal
