Microsoft Visual Studio Solution File, Format Version 11.00
# Visual Studio 2008

Project("{8ADE2D34-FF8C-8D95-71BB-9F13D4AF8C6A}") = "Demos", "Assembly-CSharp.csproj", "{AC7FE60A-8433-0635-B1FC-FF3CEE16D926}"
EndProject
Global
	GlobalSection(SolutionConfigurationPlatforms) = preSolution
		Debug|Any CPU = Debug|Any CPU
		Release|Any CPU = Release|Any CPU
	EndGlobalSection
	GlobalSection(ProjectConfigurationPlatforms) = postSolution
		{AC7FE60A-8433-0635-B1FC-FF3CEE16D926}.Debug|Any CPU.ActiveCfg = Debug|Any CPU
		{AC7FE60A-8433-0635-B1FC-FF3CEE16D926}.Debug|Any CPU.Build.0 = Debug|Any CPU
		{AC7FE60A-8433-0635-B1FC-FF3CEE16D926}.Release|Any CPU.ActiveCfg = Release|Any CPU
		{AC7FE60A-8433-0635-B1FC-FF3CEE16D926}.Release|Any CPU.Build.0 = Release|Any CPU
	EndGlobalSection
	GlobalSection(SolutionProperties) = preSolution
		HideSolutionNode = FALSE
	EndGlobalSection
	GlobalSection(MonoDevelopProperties) = preSolution
		StartupItem = Assembly-CSharp.csproj
	EndGlobalSection
EndGlobal
